
Microsoft Visual Studio Solution File, Format Version 12.00
# Visual Studio 15
VisualStudioVersion = 15.0.28010.2046
MinimumVisualStudioVersion = 10.0.40219.1
Project("{930C7802-8A8C-48F9-8165-68863BCCD9DD}") = "ust-wix", "ust-wix.wixproj", "{F891711B-90D3-4CB4-9D36-451C741478E0}"
	ProjectSection(ProjectDependencies) = postProject
		{8DF6ADA1-E4B0-442F-8AB2-F277D38E4BBF} = {8DF6ADA1-E4B0-442F-8AB2-F277D38E4BBF}
	EndProjectSection
EndProject
Project("{2150E333-8FDC-42A3-9474-1A3956D46DE8}") = "Solution Items", "Solution Items", "{50EFFD37-0754-4E7A-8D67-6449EFD5D634}"
EndProject
Project("{FAE04EC0-301F-11D3-BF4B-00C04F79EFBC}") = "DLLTest", "..\DLLTest\DLLTest.csproj", "{E38465FE-DE8E-4275-8844-888C0C2682A0}"
EndProject
Project("{FAE04EC0-301F-11D3-BF4B-00C04F79EFBC}") = "AdobeCertGen", "..\AdobeCertGen\AdobeCertGen.csproj", "{6A78D1F5-6F9B-41F5-8EC5-D0280E8500D1}"
EndProject
Project("{FAE04EC0-301F-11D3-BF4B-00C04F79EFBC}") = "DatePickerUI", "..\DatePickerUI\DatePickerUI.csproj", "{D87856BA-B8C8-4BCA-B1F8-E5B7A6324207}"
EndProject
Project("{FAE04EC0-301F-11D3-BF4B-00C04F79EFBC}") = "USTCustomActions", "..\USTCustomActions\USTCustomActions.csproj", "{8DF6ADA1-E4B0-442F-8AB2-F277D38E4BBF}"
EndProject
Global
	GlobalSection(SolutionConfigurationPlatforms) = preSolution
		Debug|x64 = Debug|x64
		Release|x64 = Release|x64
	EndGlobalSection
	GlobalSection(ProjectConfigurationPlatforms) = postSolution
		{F891711B-90D3-4CB4-9D36-451C741478E0}.Debug|x64.ActiveCfg = Debug|x86
		{F891711B-90D3-4CB4-9D36-451C741478E0}.Debug|x64.Build.0 = Debug|x86
		{F891711B-90D3-4CB4-9D36-451C741478E0}.Release|x64.ActiveCfg = Release|x86
		{F891711B-90D3-4CB4-9D36-451C741478E0}.Release|x64.Build.0 = Release|x86
		{E38465FE-DE8E-4275-8844-888C0C2682A0}.Debug|x64.ActiveCfg = Debug|x64
		{E38465FE-DE8E-4275-8844-888C0C2682A0}.Release|x64.ActiveCfg = Release|x64
		{6A78D1F5-6F9B-41F5-8EC5-D0280E8500D1}.Debug|x64.ActiveCfg = Debug|x64
		{6A78D1F5-6F9B-41F5-8EC5-D0280E8500D1}.Debug|x64.Build.0 = Debug|x64
		{6A78D1F5-6F9B-41F5-8EC5-D0280E8500D1}.Release|x64.ActiveCfg = Release|x64
		{6A78D1F5-6F9B-41F5-8EC5-D0280E8500D1}.Release|x64.Build.0 = Release|x64
		{D87856BA-B8C8-4BCA-B1F8-E5B7A6324207}.Debug|x64.ActiveCfg = Debug|x64
		{D87856BA-B8C8-4BCA-B1F8-E5B7A6324207}.Debug|x64.Build.0 = Debug|x64
		{D87856BA-B8C8-4BCA-B1F8-E5B7A6324207}.Release|x64.ActiveCfg = Release|x64
		{D87856BA-B8C8-4BCA-B1F8-E5B7A6324207}.Release|x64.Build.0 = Release|x64
		{8DF6ADA1-E4B0-442F-8AB2-F277D38E4BBF}.Debug|x64.ActiveCfg = Debug|x64
		{8DF6ADA1-E4B0-442F-8AB2-F277D38E4BBF}.Debug|x64.Build.0 = Debug|x64
		{8DF6ADA1-E4B0-442F-8AB2-F277D38E4BBF}.Release|x64.ActiveCfg = Release|x64
		{8DF6ADA1-E4B0-442F-8AB2-F277D38E4BBF}.Release|x64.Build.0 = Release|x64
	EndGlobalSection
	GlobalSection(SolutionProperties) = preSolution
		HideSolutionNode = FALSE
	EndGlobalSection
	GlobalSection(ExtensibilityGlobals) = postSolution
		SolutionGuid = {A2CADE7E-DD1C-40CE-B9E9-DB8AB0F18675}
	EndGlobalSection
EndGlobal
