
Microsoft Visual Studio Solution File, Format Version 12.00
# Visual Studio 15
VisualStudioVersion = 15.0.28010.2050
MinimumVisualStudioVersion = 10.0.40219.1
Project("{FAE04EC0-301F-11D3-BF4B-00C04F79EFBC}") = "certgen", "certgen.csproj", "{0D55BF98-8E64-48B0-8D82-20F9F92A2E85}"
EndProject
Global
	GlobalSection(SolutionConfigurationPlatforms) = preSolution
		Debug|x64 = Debug|x64
		Release|x64 = Release|x64
	EndGlobalSection
	GlobalSection(ProjectConfigurationPlatforms) = postSolution
		{0D55BF98-8E64-48B0-8D82-20F9F92A2E85}.Debug|x64.ActiveCfg = Debug|x64
		{0D55BF98-8E64-48B0-8D82-20F9F92A2E85}.Debug|x64.Build.0 = Debug|x64
		{0D55BF98-8E64-48B0-8D82-20F9F92A2E85}.Release|x64.ActiveCfg = Release|x64
		{0D55BF98-8E64-48B0-8D82-20F9F92A2E85}.Release|x64.Build.0 = Release|x64
	EndGlobalSection
	GlobalSection(SolutionProperties) = preSolution
		HideSolutionNode = FALSE
	EndGlobalSection
	GlobalSection(ExtensibilityGlobals) = postSolution
		SolutionGuid = {5C22711D-7DC9-43CB-94DA-8CF09865CAFC}
	EndGlobalSection
EndGlobal
