
Microsoft Visual Studio Solution File, Format Version 12.00
# Visual Studio 15
VisualStudioVersion = 15.0.28010.2046
MinimumVisualStudioVersion = 10.0.40219.1
Project("{FAE04EC0-301F-11D3-BF4B-00C04F79EFBC}") = "USTCustomActions", "USTCustomActions.csproj", "{8DF6ADA1-E4B0-442F-8AB2-F277D38E4BBF}"
EndProject
Global
	GlobalSection(SolutionConfigurationPlatforms) = preSolution
		Debug|x86 = Debug|x86
		Release|x86 = Release|x86
	EndGlobalSection
	GlobalSection(ProjectConfigurationPlatforms) = postSolution
		{8DF6ADA1-E4B0-442F-8AB2-F277D38E4BBF}.Debug|x86.ActiveCfg = Debug|x86
		{8DF6ADA1-E4B0-442F-8AB2-F277D38E4BBF}.Debug|x86.Build.0 = Debug|x86
		{8DF6ADA1-E4B0-442F-8AB2-F277D38E4BBF}.Release|x86.ActiveCfg = Release|x86
		{8DF6ADA1-E4B0-442F-8AB2-F277D38E4BBF}.Release|x86.Build.0 = Release|x86
	EndGlobalSection
	GlobalSection(SolutionProperties) = preSolution
		HideSolutionNode = FALSE
	EndGlobalSection
	GlobalSection(ExtensibilityGlobals) = postSolution
		SolutionGuid = {0E1BD504-66A1-48AC-8475-3420441026D7}
	EndGlobalSection
EndGlobal
